
Microsoft Visual Studio Solution File, Format Version 12.00
# Visual Studio 15
VisualStudioVersion = 15.0.25807.0
MinimumVisualStudioVersion = 10.0.40219.1
Project("{2150E333-8FDC-42A3-9474-1A3956D46DE8}") = "Engine", "Engine", "{E6558709-9538-462C-99D6-4D80BB09298A}"
EndProject
Project("{2150E333-8FDC-42A3-9474-1A3956D46DE8}") = "Games", "Games", "{EB135161-0C5B-4BBB-8314-0D5F0BBF7F68}"
EndProject
Project("{8BC9CEB8-8B4A-11D0-8D11-00A0C91BC942}") = "UE4", "Intermediate\ProjectFiles\UE4.vcxproj", "{ED457E10-86B3-414C-9E70-A2CFCE9C7F65}"
EndProject
Project("{8BC9CEB8-8B4A-11D0-8D11-00A0C91BC942}") = "BuildingEscape", "Intermediate\ProjectFiles\BuildingEscape.vcxproj", "{9A71A53D-DB6D-4202-A0C8-A8B6B6158F4E}"
EndProject
Global
	GlobalSection(SolutionConfigurationPlatforms) = preSolution
		DebugGame Editor|HTML5 = DebugGame Editor|HTML5
		DebugGame Editor|Win32 = DebugGame Editor|Win32
		DebugGame Editor|Win64 = DebugGame Editor|Win64
		DebugGame|HTML5 = DebugGame|HTML5
		DebugGame|Win32 = DebugGame|Win32
		DebugGame|Win64 = DebugGame|Win64
		Development Editor|HTML5 = Development Editor|HTML5
		Development Editor|Win32 = Development Editor|Win32
		Development Editor|Win64 = Development Editor|Win64
		Development|HTML5 = Development|HTML5
		Development|Win32 = Development|Win32
		Development|Win64 = Development|Win64
		Shipping|HTML5 = Shipping|HTML5
		Shipping|Win32 = Shipping|Win32
		Shipping|Win64 = Shipping|Win64
	EndGlobalSection
	GlobalSection(ProjectConfigurationPlatforms) = postSolution
		{ED457E10-86B3-414C-9E70-A2CFCE9C7F65}.DebugGame Editor|HTML5.ActiveCfg = BuiltWithUnrealBuildTool|Win32
		{ED457E10-86B3-414C-9E70-A2CFCE9C7F65}.DebugGame Editor|HTML5.Build.0 = BuiltWithUnrealBuildTool|Win32
		{ED457E10-86B3-414C-9E70-A2CFCE9C7F65}.DebugGame Editor|Win32.ActiveCfg = BuiltWithUnrealBuildTool|Win32
		{ED457E10-86B3-414C-9E70-A2CFCE9C7F65}.DebugGame Editor|Win32.Build.0 = BuiltWithUnrealBuildTool|Win32
		{ED457E10-86B3-414C-9E70-A2CFCE9C7F65}.DebugGame Editor|Win64.ActiveCfg = BuiltWithUnrealBuildTool|Win32
		{ED457E10-86B3-414C-9E70-A2CFCE9C7F65}.DebugGame Editor|Win64.Build.0 = BuiltWithUnrealBuildTool|Win32
		{ED457E10-86B3-414C-9E70-A2CFCE9C7F65}.DebugGame|HTML5.ActiveCfg = BuiltWithUnrealBuildTool|Win32
		{ED457E10-86B3-414C-9E70-A2CFCE9C7F65}.DebugGame|HTML5.Build.0 = BuiltWithUnrealBuildTool|Win32
		{ED457E10-86B3-414C-9E70-A2CFCE9C7F65}.DebugGame|Win32.ActiveCfg = BuiltWithUnrealBuildTool|Win32
		{ED457E10-86B3-414C-9E70-A2CFCE9C7F65}.DebugGame|Win32.Build.0 = BuiltWithUnrealBuildTool|Win32
		{ED457E10-86B3-414C-9E70-A2CFCE9C7F65}.DebugGame|Win64.ActiveCfg = BuiltWithUnrealBuildTool|Win32
		{ED457E10-86B3-414C-9E70-A2CFCE9C7F65}.DebugGame|Win64.Build.0 = BuiltWithUnrealBuildTool|Win32
		{ED457E10-86B3-414C-9E70-A2CFCE9C7F65}.Development Editor|HTML5.ActiveCfg = BuiltWithUnrealBuildTool|Win32
		{ED457E10-86B3-414C-9E70-A2CFCE9C7F65}.Development Editor|HTML5.Build.0 = BuiltWithUnrealBuildTool|Win32
		{ED457E10-86B3-414C-9E70-A2CFCE9C7F65}.Development Editor|Win32.ActiveCfg = BuiltWithUnrealBuildTool|Win32
		{ED457E10-86B3-414C-9E70-A2CFCE9C7F65}.Development Editor|Win32.Build.0 = BuiltWithUnrealBuildTool|Win32
		{ED457E10-86B3-414C-9E70-A2CFCE9C7F65}.Development Editor|Win64.ActiveCfg = BuiltWithUnrealBuildTool|Win32
		{ED457E10-86B3-414C-9E70-A2CFCE9C7F65}.Development Editor|Win64.Build.0 = BuiltWithUnrealBuildTool|Win32
		{ED457E10-86B3-414C-9E70-A2CFCE9C7F65}.Development|HTML5.ActiveCfg = BuiltWithUnrealBuildTool|Win32
		{ED457E10-86B3-414C-9E70-A2CFCE9C7F65}.Development|HTML5.Build.0 = BuiltWithUnrealBuildTool|Win32
		{ED457E10-86B3-414C-9E70-A2CFCE9C7F65}.Development|Win32.ActiveCfg = BuiltWithUnrealBuildTool|Win32
		{ED457E10-86B3-414C-9E70-A2CFCE9C7F65}.Development|Win32.Build.0 = BuiltWithUnrealBuildTool|Win32
		{ED457E10-86B3-414C-9E70-A2CFCE9C7F65}.Development|Win64.ActiveCfg = BuiltWithUnrealBuildTool|Win32
		{ED457E10-86B3-414C-9E70-A2CFCE9C7F65}.Development|Win64.Build.0 = BuiltWithUnrealBuildTool|Win32
		{ED457E10-86B3-414C-9E70-A2CFCE9C7F65}.Shipping|HTML5.ActiveCfg = BuiltWithUnrealBuildTool|Win32
		{ED457E10-86B3-414C-9E70-A2CFCE9C7F65}.Shipping|HTML5.Build.0 = BuiltWithUnrealBuildTool|Win32
		{ED457E10-86B3-414C-9E70-A2CFCE9C7F65}.Shipping|Win32.ActiveCfg = BuiltWithUnrealBuildTool|Win32
		{ED457E10-86B3-414C-9E70-A2CFCE9C7F65}.Shipping|Win32.Build.0 = BuiltWithUnrealBuildTool|Win32
		{ED457E10-86B3-414C-9E70-A2CFCE9C7F65}.Shipping|Win64.ActiveCfg = BuiltWithUnrealBuildTool|Win32
		{ED457E10-86B3-414C-9E70-A2CFCE9C7F65}.Shipping|Win64.Build.0 = BuiltWithUnrealBuildTool|Win32
		{9A71A53D-DB6D-4202-A0C8-A8B6B6158F4E}.DebugGame Editor|HTML5.ActiveCfg = HTML5_DebugGame_Editor|Win32
		{9A71A53D-DB6D-4202-A0C8-A8B6B6158F4E}.DebugGame Editor|Win32.ActiveCfg = DebugGame_Editor|Win32
		{9A71A53D-DB6D-4202-A0C8-A8B6B6158F4E}.DebugGame Editor|Win64.ActiveCfg = DebugGame_Editor|x64
		{9A71A53D-DB6D-4202-A0C8-A8B6B6158F4E}.DebugGame Editor|Win64.Build.0 = DebugGame_Editor|x64
		{9A71A53D-DB6D-4202-A0C8-A8B6B6158F4E}.DebugGame|HTML5.ActiveCfg = HTML5_DebugGame_Game|Win32
		{9A71A53D-DB6D-4202-A0C8-A8B6B6158F4E}.DebugGame|HTML5.Build.0 = HTML5_DebugGame_Game|Win32
		{9A71A53D-DB6D-4202-A0C8-A8B6B6158F4E}.DebugGame|Win32.ActiveCfg = DebugGame_Game|Win32
		{9A71A53D-DB6D-4202-A0C8-A8B6B6158F4E}.DebugGame|Win32.Build.0 = DebugGame_Game|Win32
		{9A71A53D-DB6D-4202-A0C8-A8B6B6158F4E}.DebugGame|Win64.ActiveCfg = DebugGame_Game|x64
		{9A71A53D-DB6D-4202-A0C8-A8B6B6158F4E}.DebugGame|Win64.Build.0 = DebugGame_Game|x64
		{9A71A53D-DB6D-4202-A0C8-A8B6B6158F4E}.Development Editor|HTML5.ActiveCfg = HTML5_Development_Editor|Win32
		{9A71A53D-DB6D-4202-A0C8-A8B6B6158F4E}.Development Editor|Win32.ActiveCfg = Development_Editor|Win32
		{9A71A53D-DB6D-4202-A0C8-A8B6B6158F4E}.Development Editor|Win64.ActiveCfg = Development_Editor|x64
		{9A71A53D-DB6D-4202-A0C8-A8B6B6158F4E}.Development Editor|Win64.Build.0 = Development_Editor|x64
		{9A71A53D-DB6D-4202-A0C8-A8B6B6158F4E}.Development|HTML5.ActiveCfg = HTML5_Development_Game|Win32
		{9A71A53D-DB6D-4202-A0C8-A8B6B6158F4E}.Development|HTML5.Build.0 = HTML5_Development_Game|Win32
		{9A71A53D-DB6D-4202-A0C8-A8B6B6158F4E}.Development|Win32.ActiveCfg = Development_Game|Win32
		{9A71A53D-DB6D-4202-A0C8-A8B6B6158F4E}.Development|Win32.Build.0 = Development_Game|Win32
		{9A71A53D-DB6D-4202-A0C8-A8B6B6158F4E}.Development|Win64.ActiveCfg = Development_Game|x64
		{9A71A53D-DB6D-4202-A0C8-A8B6B6158F4E}.Development|Win64.Build.0 = Development_Game|x64
		{9A71A53D-DB6D-4202-A0C8-A8B6B6158F4E}.Shipping|HTML5.ActiveCfg = HTML5_Shipping_Game|Win32
		{9A71A53D-DB6D-4202-A0C8-A8B6B6158F4E}.Shipping|HTML5.Build.0 = HTML5_Shipping_Game|Win32
		{9A71A53D-DB6D-4202-A0C8-A8B6B6158F4E}.Shipping|Win32.ActiveCfg = Shipping_Game|Win32
		{9A71A53D-DB6D-4202-A0C8-A8B6B6158F4E}.Shipping|Win32.Build.0 = Shipping_Game|Win32
		{9A71A53D-DB6D-4202-A0C8-A8B6B6158F4E}.Shipping|Win64.ActiveCfg = Shipping_Game|x64
		{9A71A53D-DB6D-4202-A0C8-A8B6B6158F4E}.Shipping|Win64.Build.0 = Shipping_Game|x64
	EndGlobalSection
	GlobalSection(SolutionProperties) = preSolution
		HideSolutionNode = FALSE
	EndGlobalSection
	GlobalSection(NestedProjects) = preSolution
		{ED457E10-86B3-414C-9E70-A2CFCE9C7F65} = {E6558709-9538-462C-99D6-4D80BB09298A}
		{9A71A53D-DB6D-4202-A0C8-A8B6B6158F4E} = {EB135161-0C5B-4BBB-8314-0D5F0BBF7F68}
	EndGlobalSection
	GlobalSection(ExtensibilityGlobals) = postSolution
		SolutionGuid = {37859FFF-541F-4B97-83F3-91E36B03E092}
	EndGlobalSection
EndGlobal
